
Microsoft Visual Studio Solution File, Format Version 12.00
# Visual Studio 2012
Project("{FAE04EC0-301F-11D3-BF4B-00C04F79EFBC}") = "Mono.Linux.I2C", "Mono.Linux.I2C\Mono.Linux.I2C.csproj", "{B70915EA-3F00-492D-8011-E01B746DD050}"
EndProject
Global
	GlobalSection(SolutionConfigurationPlatforms) = preSolution
		Debug|Any CPU = Debug|Any CPU
		Release|Any CPU = Release|Any CPU
	EndGlobalSection
	GlobalSection(ProjectConfigurationPlatforms) = postSolution
		{B70915EA-3F00-492D-8011-E01B746DD050}.Debug|Any CPU.ActiveCfg = Debug|Any CPU
		{B70915EA-3F00-492D-8011-E01B746DD050}.Debug|Any CPU.Build.0 = Debug|Any CPU
		{B70915EA-3F00-492D-8011-E01B746DD050}.Release|Any CPU.ActiveCfg = Release|Any CPU
		{B70915EA-3F00-492D-8011-E01B746DD050}.Release|Any CPU.Build.0 = Release|Any CPU
	EndGlobalSection
	GlobalSection(SolutionProperties) = preSolution
		HideSolutionNode = FALSE
	EndGlobalSection
EndGlobal
